
Microsoft Visual Studio Solution File, Format Version 12.00
# Visual Studio Version 16
VisualStudioVersion = 16.0.29009.5
MinimumVisualStudioVersion = 10.0.40219.1
Project("{FAE04EC0-301F-11D3-BF4B-00C04F79EFBC}") = "TNN", "TNN\TNN.csproj", "{7F63C1F1-F665-415D-92DD-128233E25714}"
EndProject
Global
	GlobalSection(SolutionConfigurationPlatforms) = preSolution
		Debug|Any CPU = Debug|Any CPU
		Release|Any CPU = Release|Any CPU
	EndGlobalSection
	GlobalSection(ProjectConfigurationPlatforms) = postSolution
		{7F63C1F1-F665-415D-92DD-128233E25714}.Debug|Any CPU.ActiveCfg = Debug|Any CPU
		{7F63C1F1-F665-415D-92DD-128233E25714}.Debug|Any CPU.Build.0 = Debug|Any CPU
		{7F63C1F1-F665-415D-92DD-128233E25714}.Release|Any CPU.ActiveCfg = Release|Any CPU
		{7F63C1F1-F665-415D-92DD-128233E25714}.Release|Any CPU.Build.0 = Release|Any CPU
	EndGlobalSection
	GlobalSection(SolutionProperties) = preSolution
		HideSolutionNode = FALSE
	EndGlobalSection
	GlobalSection(ExtensibilityGlobals) = postSolution
		SolutionGuid = {EAC966AB-F2D1-4242-9787-01E8A60265D7}
	EndGlobalSection
EndGlobal
